
Microsoft Visual Studio Solution File, Format Version 12.00
# Visual Studio Version 16
VisualStudioVersion = 16.0.30717.126
MinimumVisualStudioVersion = 10.0.40219.1
Project("{FAE04EC0-301F-11D3-BF4B-00C04F79EFBC}") = "In Body Scale", "In Body Scale.csproj", "{A007FCBE-11C3-44FC-AE1F-7CE1FAF635E8}"
EndProject
Global
	GlobalSection(SolutionConfigurationPlatforms) = preSolution
		Debug|Any CPU = Debug|Any CPU
		Release|Any CPU = Release|Any CPU
	EndGlobalSection
	GlobalSection(ProjectConfigurationPlatforms) = postSolution
		{A007FCBE-11C3-44FC-AE1F-7CE1FAF635E8}.Debug|Any CPU.ActiveCfg = Debug|Any CPU
		{A007FCBE-11C3-44FC-AE1F-7CE1FAF635E8}.Debug|Any CPU.Build.0 = Debug|Any CPU
		{A007FCBE-11C3-44FC-AE1F-7CE1FAF635E8}.Release|Any CPU.ActiveCfg = Release|Any CPU
		{A007FCBE-11C3-44FC-AE1F-7CE1FAF635E8}.Release|Any CPU.Build.0 = Release|Any CPU
	EndGlobalSection
	GlobalSection(SolutionProperties) = preSolution
		HideSolutionNode = FALSE
	EndGlobalSection
	GlobalSection(ExtensibilityGlobals) = postSolution
		SolutionGuid = {26CBA199-37D8-4C05-9921-44A4D71191D7}
	EndGlobalSection
EndGlobal
